
Microsoft Visual Studio Solution File, Format Version 12.00
# Visual Studio Version 16
VisualStudioVersion = 16.0.29709.97
MinimumVisualStudioVersion = 10.0.40219.1
Project("{FAE04EC0-301F-11D3-BF4B-00C04F79EFBC}") = "App1.Android", "App1\App1.Android\App1.Android.csproj", "{F2FF096A-47FD-4ADF-8C6E-0742DF4766ED}"
EndProject
Project("{FAE04EC0-301F-11D3-BF4B-00C04F79EFBC}") = "App1.iOS", "App1\App1.iOS\App1.iOS.csproj", "{C3185769-E22B-4BB2-8EB4-6ADEA9EDD89A}"
EndProject
Project("{FAE04EC0-301F-11D3-BF4B-00C04F79EFBC}") = "App1", "App1\App1\App1.csproj", "{1D82FC75-1819-466C-BC6C-86B2D0928C25}"
EndProject
Global
	GlobalSection(SolutionConfigurationPlatforms) = preSolution
		Debug|Any CPU = Debug|Any CPU
		Debug|iPhone = Debug|iPhone
		Debug|iPhoneSimulator = Debug|iPhoneSimulator
		Release|Any CPU = Release|Any CPU
		Release|iPhone = Release|iPhone
		Release|iPhoneSimulator = Release|iPhoneSimulator
		myConfig|Any CPU = myConfig|Any CPU
	EndGlobalSection
	GlobalSection(ProjectConfigurationPlatforms) = postSolution
		{F2FF096A-47FD-4ADF-8C6E-0742DF4766ED}.Debug|Any CPU.ActiveCfg = Debug|Any CPU
		{F2FF096A-47FD-4ADF-8C6E-0742DF4766ED}.Debug|Any CPU.Build.0 = Debug|Any CPU
		{F2FF096A-47FD-4ADF-8C6E-0742DF4766ED}.Debug|Any CPU.Deploy.0 = Debug|Any CPU
		{F2FF096A-47FD-4ADF-8C6E-0742DF4766ED}.Debug|iPhone.ActiveCfg = Debug|Any CPU
		{F2FF096A-47FD-4ADF-8C6E-0742DF4766ED}.Debug|iPhone.Build.0 = Debug|Any CPU
		{F2FF096A-47FD-4ADF-8C6E-0742DF4766ED}.Debug|iPhone.Deploy.0 = Debug|Any CPU
		{F2FF096A-47FD-4ADF-8C6E-0742DF4766ED}.Debug|iPhoneSimulator.ActiveCfg = Debug|Any CPU
		{F2FF096A-47FD-4ADF-8C6E-0742DF4766ED}.Debug|iPhoneSimulator.Build.0 = Debug|Any CPU
		{F2FF096A-47FD-4ADF-8C6E-0742DF4766ED}.Debug|iPhoneSimulator.Deploy.0 = Debug|Any CPU
		{F2FF096A-47FD-4ADF-8C6E-0742DF4766ED}.Release|Any CPU.ActiveCfg = Release|Any CPU
		{F2FF096A-47FD-4ADF-8C6E-0742DF4766ED}.Release|Any CPU.Build.0 = Release|Any CPU
		{F2FF096A-47FD-4ADF-8C6E-0742DF4766ED}.Release|Any CPU.Deploy.0 = Release|Any CPU
		{F2FF096A-47FD-4ADF-8C6E-0742DF4766ED}.Release|iPhone.ActiveCfg = Release|Any CPU
		{F2FF096A-47FD-4ADF-8C6E-0742DF4766ED}.Release|iPhone.Build.0 = Release|Any CPU
		{F2FF096A-47FD-4ADF-8C6E-0742DF4766ED}.Release|iPhone.Deploy.0 = Release|Any CPU
		{F2FF096A-47FD-4ADF-8C6E-0742DF4766ED}.Release|iPhoneSimulator.ActiveCfg = Release|Any CPU
		{F2FF096A-47FD-4ADF-8C6E-0742DF4766ED}.Release|iPhoneSimulator.Build.0 = Release|Any CPU
		{F2FF096A-47FD-4ADF-8C6E-0742DF4766ED}.Release|iPhoneSimulator.Deploy.0 = Release|Any CPU
		{F2FF096A-47FD-4ADF-8C6E-0742DF4766ED}.myConfig|Any CPU.ActiveCfg = myConfig|Any CPU
		{F2FF096A-47FD-4ADF-8C6E-0742DF4766ED}.myConfig|Any CPU.Build.0 = myConfig|Any CPU
		{C3185769-E22B-4BB2-8EB4-6ADEA9EDD89A}.Debug|Any CPU.ActiveCfg = Debug|iPhoneSimulator
		{C3185769-E22B-4BB2-8EB4-6ADEA9EDD89A}.Debug|Any CPU.Build.0 = Debug|iPhoneSimulator
		{C3185769-E22B-4BB2-8EB4-6ADEA9EDD89A}.Debug|Any CPU.Deploy.0 = Debug|iPhoneSimulator
		{C3185769-E22B-4BB2-8EB4-6ADEA9EDD89A}.Debug|iPhone.ActiveCfg = Debug|iPhone
		{C3185769-E22B-4BB2-8EB4-6ADEA9EDD89A}.Debug|iPhone.Build.0 = Debug|iPhone
		{C3185769-E22B-4BB2-8EB4-6ADEA9EDD89A}.Debug|iPhone.Deploy.0 = Debug|iPhone
		{C3185769-E22B-4BB2-8EB4-6ADEA9EDD89A}.Debug|iPhoneSimulator.ActiveCfg = Debug|iPhoneSimulator
		{C3185769-E22B-4BB2-8EB4-6ADEA9EDD89A}.Debug|iPhoneSimulator.Build.0 = Debug|iPhoneSimulator
		{C3185769-E22B-4BB2-8EB4-6ADEA9EDD89A}.Debug|iPhoneSimulator.Deploy.0 = Debug|iPhoneSimulator
		{C3185769-E22B-4BB2-8EB4-6ADEA9EDD89A}.Release|Any CPU.ActiveCfg = Release|iPhone
		{C3185769-E22B-4BB2-8EB4-6ADEA9EDD89A}.Release|Any CPU.Build.0 = Release|iPhone
		{C3185769-E22B-4BB2-8EB4-6ADEA9EDD89A}.Release|Any CPU.Deploy.0 = Release|iPhone
		{C3185769-E22B-4BB2-8EB4-6ADEA9EDD89A}.Release|iPhone.ActiveCfg = Release|iPhone
		{C3185769-E22B-4BB2-8EB4-6ADEA9EDD89A}.Release|iPhone.Build.0 = Release|iPhone
		{C3185769-E22B-4BB2-8EB4-6ADEA9EDD89A}.Release|iPhone.Deploy.0 = Release|iPhone
		{C3185769-E22B-4BB2-8EB4-6ADEA9EDD89A}.Release|iPhoneSimulator.ActiveCfg = Release|iPhoneSimulator
		{C3185769-E22B-4BB2-8EB4-6ADEA9EDD89A}.Release|iPhoneSimulator.Build.0 = Release|iPhoneSimulator
		{C3185769-E22B-4BB2-8EB4-6ADEA9EDD89A}.Release|iPhoneSimulator.Deploy.0 = Release|iPhoneSimulator
		{C3185769-E22B-4BB2-8EB4-6ADEA9EDD89A}.myConfig|Any CPU.ActiveCfg = myConfig|Any CPU
		{C3185769-E22B-4BB2-8EB4-6ADEA9EDD89A}.myConfig|Any CPU.Build.0 = myConfig|Any CPU
		{1D82FC75-1819-466C-BC6C-86B2D0928C25}.Debug|Any CPU.ActiveCfg = Debug|Any CPU
		{1D82FC75-1819-466C-BC6C-86B2D0928C25}.Debug|Any CPU.Build.0 = Debug|Any CPU
		{1D82FC75-1819-466C-BC6C-86B2D0928C25}.Debug|Any CPU.Deploy.0 = Debug|Any CPU
		{1D82FC75-1819-466C-BC6C-86B2D0928C25}.Debug|iPhone.ActiveCfg = Debug|Any CPU
		{1D82FC75-1819-466C-BC6C-86B2D0928C25}.Debug|iPhone.Build.0 = Debug|Any CPU
		{1D82FC75-1819-466C-BC6C-86B2D0928C25}.Debug|iPhone.Deploy.0 = Debug|Any CPU
		{1D82FC75-1819-466C-BC6C-86B2D0928C25}.Debug|iPhoneSimulator.ActiveCfg = Debug|Any CPU
		{1D82FC75-1819-466C-BC6C-86B2D0928C25}.Debug|iPhoneSimulator.Build.0 = Debug|Any CPU
		{1D82FC75-1819-466C-BC6C-86B2D0928C25}.Debug|iPhoneSimulator.Deploy.0 = Debug|Any CPU
		{1D82FC75-1819-466C-BC6C-86B2D0928C25}.Release|Any CPU.ActiveCfg = Release|Any CPU
		{1D82FC75-1819-466C-BC6C-86B2D0928C25}.Release|Any CPU.Build.0 = Release|Any CPU
		{1D82FC75-1819-466C-BC6C-86B2D0928C25}.Release|Any CPU.Deploy.0 = Release|Any CPU
		{1D82FC75-1819-466C-BC6C-86B2D0928C25}.Release|iPhone.ActiveCfg = Release|Any CPU
		{1D82FC75-1819-466C-BC6C-86B2D0928C25}.Release|iPhone.Build.0 = Release|Any CPU
		{1D82FC75-1819-466C-BC6C-86B2D0928C25}.Release|iPhone.Deploy.0 = Release|Any CPU
		{1D82FC75-1819-466C-BC6C-86B2D0928C25}.Release|iPhoneSimulator.ActiveCfg = Release|Any CPU
		{1D82FC75-1819-466C-BC6C-86B2D0928C25}.Release|iPhoneSimulator.Build.0 = Release|Any CPU
		{1D82FC75-1819-466C-BC6C-86B2D0928C25}.Release|iPhoneSimulator.Deploy.0 = Release|Any CPU
		{1D82FC75-1819-466C-BC6C-86B2D0928C25}.myConfig|Any CPU.ActiveCfg = myConfig|Any CPU
		{1D82FC75-1819-466C-BC6C-86B2D0928C25}.myConfig|Any CPU.Build.0 = myConfig|Any CPU
	EndGlobalSection
	GlobalSection(SolutionProperties) = preSolution
		HideSolutionNode = FALSE
	EndGlobalSection
	GlobalSection(ExtensibilityGlobals) = postSolution
		SolutionGuid = {4BAF91A3-CDD2-40E0-9500-106C291A1FD8}
	EndGlobalSection
	GlobalSection(MonoDevelopProperties) = preSolution
		Policies = $0
		$0.TextStylePolicy = $1
		$1.inheritsSet = null
		$1.scope = text/x-csharp
		$0.CSharpFormattingPolicy = $2
		$2.scope = text/x-csharp
		$0.TextStylePolicy = $3
		$3.FileWidth = 80
		$3.TabsToSpaces = True
		$3.scope = text/plain
		$0.TextStylePolicy = $4
		$4.inheritsSet = null
		$4.scope = application/xml
		$0.XmlFormattingPolicy = $5
		$5.scope = application/xml
		$0.TextStylePolicy = $6
		$6.inheritsSet = null
		$6.scope = application/vnd.apple-xcode-storyboard
		$0.XmlFormattingPolicy = $7
		$7.inheritsSet = null
		$7.scope = application/vnd.apple-xcode-storyboard
		$0.TextStylePolicy = $8
		$8.inheritsSet = null
		$8.scope = text/x-web
		$0.TextStylePolicy = $9
		$9.inheritsSet = null
		$9.scope = text/x-vs
		$0.TextStylePolicy = $10
		$10.inheritsSet = null
		$10.scope = application/xaml
		$0.XmlFormattingPolicy = $11
		$11.inheritsSet = null
		$11.scope = application/xaml
		$0.StandardHeader = $12
		$0.VersionControlPolicy = $13
	EndGlobalSection
EndGlobal
